{
  "markbot": "b233debe5f204234d76f4ca7d8b3c2233e2787cd9adf4d0e0bb51b6263b2d45f",
  "markbotignore": "030a4e6e1b3b6b510514a7ae54576e2c2ef762d56236c6414ef634955d96a126",
  "index-submit-960.png": "07f878a0b885691ba74914602f3e39be32ebac6ab3fbdde68dd1c1d8eea4f2c7",
  "index-320.png": "93d0329c4550ba503e3123b2f95b96be4677b8c09dab869d5f55ab4647dfac64",
  "index-400.png": "3efd2bcba44efbf4b45e77a3d03c9e8b1f1150a35061ce883538d501daad448a",
  "index-608.png": "e290fb55afc84108a79d001735df55eb05f7cf5052449f48da813f1cd6b53a59",
  "index-960.png": "94a6dfb95526d545203fcf7ee1fe83d48ff140f835bebc2e06dd2a27ad8e0dde",
  "index-1440.png": "d02dd0d2463cb13394dd354e73907cf085479786e542d223c79adb7717fe0261"
}